{
  "name": "castle-machine",
  "version": "1.0.0",
  "lockfileVersion": 1,
  "requires": true,
  "dependencies": {
    "@types/node": {
      "version": "10.7.1",
      "resolved": "https://registry.npmjs.org/@types/node/-/node-10.7.1.tgz",
      "integrity": "sha512-EGoI4ylB/lPOaqXqtzAyL8HcgOuCtH2hkEaLmkueOYufsTFWBn4VCvlCDC2HW8Q+9iF+QVC3sxjDKQYjHQeZ9w==",
      "dev": true
    },
    "array-uniq": {
      "version": "1.0.3",
      "resolved": "https://registry.npmjs.org/array-uniq/-/array-uniq-1.0.3.tgz",
      "integrity": "sha1-r2rId6Jcx/dOBYiUdThY39sk/bY="
    },
    "arrify": {
      "version": "1.0.1",
      "resolved": "https://registry.npmjs.org/arrify/-/arrify-1.0.1.tgz",
      "integrity": "sha1-iYUI2iIm84DfkEcoRWhJwVAaSw0="
    },
    "clone-regexp": {
      "version": "1.0.1",
      "resolved": "https://registry.npmjs.org/clone-regexp/-/clone-regexp-1.0.1.tgz",
      "integrity": "sha512-Fcij9IwRW27XedRIJnSOEupS7RVcXtObJXbcUOX93UCLqqOdRpkvzKywOOSizmEK/Is3S/RHX9dLdfo6R1Q1mw==",
      "requires": {
        "is-regexp": "^1.0.0",
        "is-supported-regexp-flag": "^1.0.0"
      }
    },
    "escape-string-regexp": {
      "version": "1.0.5",
      "resolved": "https://registry.npmjs.org/escape-string-regexp/-/escape-string-regexp-1.0.5.tgz",
      "integrity": "sha1-G2HAViGQqN/2rjuyzwIAyhMLhtQ="
    },
    "execall": {
      "version": "1.0.0",
      "resolved": "https://registry.npmjs.org/execall/-/execall-1.0.0.tgz",
      "integrity": "sha1-c9CQTjlbPKsGWLCNCewlMH8pu3M=",
      "requires": {
        "clone-regexp": "^1.0.0"
      }
    },
    "hdd-space": {
      "version": "1.2.0",
      "resolved": "https://registry.npmjs.org/hdd-space/-/hdd-space-1.2.0.tgz",
      "integrity": "sha1-ystq8xpVJd9aEYidYLp52POD9l4=",
      "requires": {
        "parse-columns": "git+https://github.com/int0h/parse-columns.git#2318231da6fec1e35aca00a24d58d6b3d9552552"
      }
    },
    "is-finite": {
      "version": "1.0.2",
      "resolved": "https://registry.npmjs.org/is-finite/-/is-finite-1.0.2.tgz",
      "integrity": "sha1-zGZ3aVYCvlUO8R6LSqYwU0K20Ko=",
      "requires": {
        "number-is-nan": "^1.0.0"
      }
    },
    "is-regexp": {
      "version": "1.0.0",
      "resolved": "https://registry.npmjs.org/is-regexp/-/is-regexp-1.0.0.tgz",
      "integrity": "sha1-/S2INUXEa6xaYz57mgnof6LLUGk="
    },
    "is-supported-regexp-flag": {
      "version": "1.0.1",
      "resolved": "https://registry.npmjs.org/is-supported-regexp-flag/-/is-supported-regexp-flag-1.0.1.tgz",
      "integrity": "sha512-3vcJecUUrpgCqc/ca0aWeNu64UGgxcvO60K/Fkr1N6RSvfGCTU60UKN68JDmKokgba0rFFJs12EnzOQa14ubKQ=="
    },
    "num-sort": {
      "version": "1.0.0",
      "resolved": "https://registry.npmjs.org/num-sort/-/num-sort-1.0.0.tgz",
      "integrity": "sha1-yr7B/V9NpKypla+Qt6DzeZROHb0=",
      "requires": {
        "number-is-nan": "^1.0.0"
      }
    },
    "number-is-nan": {
      "version": "1.0.1",
      "resolved": "https://registry.npmjs.org/number-is-nan/-/number-is-nan-1.0.1.tgz",
      "integrity": "sha1-CXtgK1NCKlIsGvuHkDGDNpQaAR0="
    },
    "parse-columns": {
      "version": "git+https://github.com/int0h/parse-columns.git#2318231da6fec1e35aca00a24d58d6b3d9552552",
      "from": "git+https://github.com/int0h/parse-columns.git",
      "requires": {
        "escape-string-regexp": "^1.0.3",
        "execall": "^1.0.0",
        "repeating": "^2.0.0",
        "split-at": "^1.1.0"
      }
    },
    "repeating": {
      "version": "2.0.1",
      "resolved": "https://registry.npmjs.org/repeating/-/repeating-2.0.1.tgz",
      "integrity": "sha1-UhTFOpJtNVJwdSf7q0FdvAjQbdo=",
      "requires": {
        "is-finite": "^1.0.0"
      }
    },
    "split-at": {
      "version": "1.2.0",
      "resolved": "https://registry.npmjs.org/split-at/-/split-at-1.2.0.tgz",
      "integrity": "sha1-mWFiK2rJ/4ebOgljLk9v7FopMCQ=",
      "requires": {
        "array-uniq": "^1.0.2",
        "arrify": "^1.0.0",
        "num-sort": "^1.0.0"
      }
    }
  }
}
